
Microsoft Visual Studio Solution File, Format Version 12.00
# Visual Studio Version 17
VisualStudioVersion = 17.8.34330.188
MinimumVisualStudioVersion = 10.0.40219.1
Project("{FAE04EC0-301F-11D3-BF4B-00C04F79EFBC}") = "MjaARES.Api", "MjaARES.Api\MjaARES.Api.csproj", "{0DDB1FF4-928C-447A-9A29-BE8F07448E1B}"
EndProject
Global
	GlobalSection(SolutionConfigurationPlatforms) = preSolution
		Debug|Any CPU = Debug|Any CPU
		Release|Any CPU = Release|Any CPU
	EndGlobalSection
	GlobalSection(ProjectConfigurationPlatforms) = postSolution
		{0DDB1FF4-928C-447A-9A29-BE8F07448E1B}.Debug|Any CPU.ActiveCfg = Debug|Any CPU
		{0DDB1FF4-928C-447A-9A29-BE8F07448E1B}.Debug|Any CPU.Build.0 = Debug|Any CPU
		{0DDB1FF4-928C-447A-9A29-BE8F07448E1B}.Release|Any CPU.ActiveCfg = Release|Any CPU
		{0DDB1FF4-928C-447A-9A29-BE8F07448E1B}.Release|Any CPU.Build.0 = Release|Any CPU
	EndGlobalSection
	GlobalSection(SolutionProperties) = preSolution
		HideSolutionNode = FALSE
	EndGlobalSection
	GlobalSection(ExtensibilityGlobals) = postSolution
		SolutionGuid = {0A93AE50-CD64-4A31-9085-298F04A11090}
	EndGlobalSection
EndGlobal
